
Microsoft Visual Studio Solution File, Format Version 12.00
# Visual Studio Version 17
VisualStudioVersion = 17.11.35327.3
MinimumVisualStudioVersion = 10.0.40219.1
Project("{FAE04EC0-301F-11D3-BF4B-00C04F79EFBC}") = "BADPJ", "BADPJ\BADPJ.csproj", "{C60CE52B-4FBB-47BA-8248-32E762BA2CB5}"
EndProject
Global
	GlobalSection(SolutionConfigurationPlatforms) = preSolution
		Debug|Any CPU = Debug|Any CPU
		Release|Any CPU = Release|Any CPU
	EndGlobalSection
	GlobalSection(ProjectConfigurationPlatforms) = postSolution
		{C60CE52B-4FBB-47BA-8248-32E762BA2CB5}.Debug|Any CPU.ActiveCfg = Debug|Any CPU
		{C60CE52B-4FBB-47BA-8248-32E762BA2CB5}.Debug|Any CPU.Build.0 = Debug|Any CPU
		{C60CE52B-4FBB-47BA-8248-32E762BA2CB5}.Release|Any CPU.ActiveCfg = Release|Any CPU
		{C60CE52B-4FBB-47BA-8248-32E762BA2CB5}.Release|Any CPU.Build.0 = Release|Any CPU
	EndGlobalSection
	GlobalSection(SolutionProperties) = preSolution
		HideSolutionNode = FALSE
	EndGlobalSection
	GlobalSection(ExtensibilityGlobals) = postSolution
		SolutionGuid = {E29749B3-6EE2-4504-9847-EE11C9139CC5}
	EndGlobalSection
EndGlobal
